
Microsoft Visual Studio Solution File, Format Version 11.00
# Visual Studio 2010
Project("{FAE04EC0-301F-11D3-BF4B-00C04F79EFBC}") = "Assembly-CSharp", "Assembly-CSharp.csproj", "{9D403BE8-F79D-08FD-FD8F-B8F796D947A3}"
EndProject
Project("{FAE04EC0-301F-11D3-BF4B-00C04F79EFBC}") = "Assembly-CSharp-Editor", "Assembly-CSharp-Editor.csproj", "{1DB08C47-3FE7-E133-2FA3-A1CFF80E8299}"
EndProject
Global
	GlobalSection(SolutionConfigurationPlatforms) = preSolution
		Debug|Any CPU = Debug|Any CPU
		Release|Any CPU = Release|Any CPU
	EndGlobalSection
	GlobalSection(ProjectConfigurationPlatforms) = postSolution
		{9D403BE8-F79D-08FD-FD8F-B8F796D947A3}.Debug|Any CPU.ActiveCfg = Debug|Any CPU
		{9D403BE8-F79D-08FD-FD8F-B8F796D947A3}.Debug|Any CPU.Build.0 = Debug|Any CPU
		{9D403BE8-F79D-08FD-FD8F-B8F796D947A3}.Release|Any CPU.ActiveCfg = Release|Any CPU
		{9D403BE8-F79D-08FD-FD8F-B8F796D947A3}.Release|Any CPU.Build.0 = Release|Any CPU
		{1DB08C47-3FE7-E133-2FA3-A1CFF80E8299}.Debug|Any CPU.ActiveCfg = Debug|Any CPU
		{1DB08C47-3FE7-E133-2FA3-A1CFF80E8299}.Debug|Any CPU.Build.0 = Debug|Any CPU
		{1DB08C47-3FE7-E133-2FA3-A1CFF80E8299}.Release|Any CPU.ActiveCfg = Release|Any CPU
		{1DB08C47-3FE7-E133-2FA3-A1CFF80E8299}.Release|Any CPU.Build.0 = Release|Any CPU
	EndGlobalSection
	GlobalSection(SolutionProperties) = preSolution
		HideSolutionNode = FALSE
	EndGlobalSection
EndGlobal
